
Microsoft Visual Studio Solution File, Format Version 12.00
# Visual Studio Version 16
VisualStudioVersion = 16.0.31702.278
MinimumVisualStudioVersion = 10.0.40219.1
Project("{9A19103F-16F7-4668-BE54-9A1E7A4F7556}") = "testsRegexoop", "testsRegexoop.csproj", "{0EFBE98C-0703-40AF-BB4D-B49FE4249775}"
	ProjectSection(ProjectDependencies) = postProject
		{AEB82666-531D-419B-84E8-BD493DA3FC1C} = {AEB82666-531D-419B-84E8-BD493DA3FC1C}
	EndProjectSection
EndProject
Project("{9A19103F-16F7-4668-BE54-9A1E7A4F7556}") = "Regexoop", "..\src\Regexoop.csproj", "{AEB82666-531D-419B-84E8-BD493DA3FC1C}"
EndProject
Global
	GlobalSection(SolutionConfigurationPlatforms) = preSolution
		Debug|Any CPU = Debug|Any CPU
		Release|Any CPU = Release|Any CPU
	EndGlobalSection
	GlobalSection(ProjectConfigurationPlatforms) = postSolution
		{0EFBE98C-0703-40AF-BB4D-B49FE4249775}.Debug|Any CPU.ActiveCfg = Debug|Any CPU
		{0EFBE98C-0703-40AF-BB4D-B49FE4249775}.Debug|Any CPU.Build.0 = Debug|Any CPU
		{0EFBE98C-0703-40AF-BB4D-B49FE4249775}.Release|Any CPU.ActiveCfg = Release|Any CPU
		{0EFBE98C-0703-40AF-BB4D-B49FE4249775}.Release|Any CPU.Build.0 = Release|Any CPU
		{AEB82666-531D-419B-84E8-BD493DA3FC1C}.Debug|Any CPU.ActiveCfg = Debug|Any CPU
		{AEB82666-531D-419B-84E8-BD493DA3FC1C}.Debug|Any CPU.Build.0 = Debug|Any CPU
		{AEB82666-531D-419B-84E8-BD493DA3FC1C}.Release|Any CPU.ActiveCfg = Release|Any CPU
		{AEB82666-531D-419B-84E8-BD493DA3FC1C}.Release|Any CPU.Build.0 = Release|Any CPU
	EndGlobalSection
	GlobalSection(SolutionProperties) = preSolution
		HideSolutionNode = FALSE
	EndGlobalSection
	GlobalSection(ExtensibilityGlobals) = postSolution
		SolutionGuid = {E1DE7720-CE34-474B-A18A-2B15AD8AB694}
	EndGlobalSection
EndGlobal
